
Microsoft Visual Studio Solution File, Format Version 12.00
Project("{FAE04EC0-301F-11D3-BF4B-00C04F79EFBC}") = "Data1c.Core", "src\Data1c.Core\Data1c.Core.csproj", "{E7BF2AC7-CE9A-43BD-926F-14DBBF6FE6B4}"
EndProject
Project("{2150E333-8FDC-42A3-9474-1A3956D46DE8}") = "src", "src", "{827E0CD3-B72D-47B6-A68D-7590B98EB39B}"
EndProject
Project("{2150E333-8FDC-42A3-9474-1A3956D46DE8}") = "tests", "tests", "{0AB3BF05-4346-4AA6-1389-037BE0695223}"
EndProject
Project("{FAE04EC0-301F-11D3-BF4B-00C04F79EFBC}") = "Data1c.Tests", "tests\Data1c.Tests\Data1c.Tests.csproj", "{A6F2001A-2F84-43E0-AC73-9A92293FC8D9}"
EndProject
Project("{2150E333-8FDC-42A3-9474-1A3956D46DE8}") = "tools", "tools", "{07C2787E-EAC7-C090-1BA3-A61EC2A24D84}"
EndProject
Project("{FAE04EC0-301F-11D3-BF4B-00C04F79EFBC}") = "Data1c.TestRunner", "tools\Data1c.TestRunner\Data1c.TestRunner.csproj", "{2383ECEF-9A87-4BB5-97A6-FF0A807B0591}"
EndProject
Project("{FAE04EC0-301F-11D3-BF4B-00C04F79EFBC}") = "Data1c.Mcp", "src\Data1c.Mcp\Data1c.Mcp.csproj", "{B64AD7FE-9F9D-4C1F-8FA7-EE534728173C}"
EndProject
Project("{FAE04EC0-301F-11D3-BF4B-00C04F79EFBC}") = "Data1c.FileSystem", "src\Data1c.FileSystem\Data1c.FileSystem.csproj", "{9045608A-015A-4C21-B10D-E6F94FABA090}"
EndProject
Project("{FAE04EC0-301F-11D3-BF4B-00C04F79EFBC}") = "Data1c.Store", "src\Data1c.Store\Data1c.Store.csproj", "{9F6C340D-A977-42B6-8A94-52E3D8E37A8D}"
EndProject
Project("{FAE04EC0-301F-11D3-BF4B-00C04F79EFBC}") = "Data1c.Benchmark", "tools\Data1c.Benchmark\Data1c.Benchmark.csproj", "{819F87AC-3370-4B64-8D5E-14ECF18D13ED}"
EndProject
Global
	GlobalSection(SolutionConfigurationPlatforms) = preSolution
		Debug|Any CPU = Debug|Any CPU
		Debug|x64 = Debug|x64
		Debug|x86 = Debug|x86
		Release|Any CPU = Release|Any CPU
		Release|x64 = Release|x64
		Release|x86 = Release|x86
	EndGlobalSection
	GlobalSection(ProjectConfigurationPlatforms) = postSolution
		{E7BF2AC7-CE9A-43BD-926F-14DBBF6FE6B4}.Debug|Any CPU.ActiveCfg = Debug|Any CPU
		{E7BF2AC7-CE9A-43BD-926F-14DBBF6FE6B4}.Debug|Any CPU.Build.0 = Debug|Any CPU
		{E7BF2AC7-CE9A-43BD-926F-14DBBF6FE6B4}.Debug|x64.ActiveCfg = Debug|Any CPU
		{E7BF2AC7-CE9A-43BD-926F-14DBBF6FE6B4}.Debug|x64.Build.0 = Debug|Any CPU
		{E7BF2AC7-CE9A-43BD-926F-14DBBF6FE6B4}.Debug|x86.ActiveCfg = Debug|Any CPU
		{E7BF2AC7-CE9A-43BD-926F-14DBBF6FE6B4}.Debug|x86.Build.0 = Debug|Any CPU
		{E7BF2AC7-CE9A-43BD-926F-14DBBF6FE6B4}.Release|Any CPU.ActiveCfg = Release|Any CPU
		{E7BF2AC7-CE9A-43BD-926F-14DBBF6FE6B4}.Release|Any CPU.Build.0 = Release|Any CPU
		{E7BF2AC7-CE9A-43BD-926F-14DBBF6FE6B4}.Release|x64.ActiveCfg = Release|Any CPU
		{E7BF2AC7-CE9A-43BD-926F-14DBBF6FE6B4}.Release|x64.Build.0 = Release|Any CPU
		{E7BF2AC7-CE9A-43BD-926F-14DBBF6FE6B4}.Release|x86.ActiveCfg = Release|Any CPU
		{E7BF2AC7-CE9A-43BD-926F-14DBBF6FE6B4}.Release|x86.Build.0 = Release|Any CPU
		{A6F2001A-2F84-43E0-AC73-9A92293FC8D9}.Debug|Any CPU.ActiveCfg = Debug|Any CPU
		{A6F2001A-2F84-43E0-AC73-9A92293FC8D9}.Debug|Any CPU.Build.0 = Debug|Any CPU
		{A6F2001A-2F84-43E0-AC73-9A92293FC8D9}.Debug|x64.ActiveCfg = Debug|Any CPU
		{A6F2001A-2F84-43E0-AC73-9A92293FC8D9}.Debug|x64.Build.0 = Debug|Any CPU
		{A6F2001A-2F84-43E0-AC73-9A92293FC8D9}.Debug|x86.ActiveCfg = Debug|Any CPU
		{A6F2001A-2F84-43E0-AC73-9A92293FC8D9}.Debug|x86.Build.0 = Debug|Any CPU
		{A6F2001A-2F84-43E0-AC73-9A92293FC8D9}.Release|Any CPU.ActiveCfg = Release|Any CPU
		{A6F2001A-2F84-43E0-AC73-9A92293FC8D9}.Release|Any CPU.Build.0 = Release|Any CPU
		{A6F2001A-2F84-43E0-AC73-9A92293FC8D9}.Release|x64.ActiveCfg = Release|Any CPU
		{A6F2001A-2F84-43E0-AC73-9A92293FC8D9}.Release|x64.Build.0 = Release|Any CPU
		{A6F2001A-2F84-43E0-AC73-9A92293FC8D9}.Release|x86.ActiveCfg = Release|Any CPU
		{A6F2001A-2F84-43E0-AC73-9A92293FC8D9}.Release|x86.Build.0 = Release|Any CPU
		{2383ECEF-9A87-4BB5-97A6-FF0A807B0591}.Debug|Any CPU.ActiveCfg = Debug|Any CPU
		{2383ECEF-9A87-4BB5-97A6-FF0A807B0591}.Debug|Any CPU.Build.0 = Debug|Any CPU
		{2383ECEF-9A87-4BB5-97A6-FF0A807B0591}.Debug|x64.ActiveCfg = Debug|Any CPU
		{2383ECEF-9A87-4BB5-97A6-FF0A807B0591}.Debug|x64.Build.0 = Debug|Any CPU
		{2383ECEF-9A87-4BB5-97A6-FF0A807B0591}.Debug|x86.ActiveCfg = Debug|Any CPU
		{2383ECEF-9A87-4BB5-97A6-FF0A807B0591}.Debug|x86.Build.0 = Debug|Any CPU
		{2383ECEF-9A87-4BB5-97A6-FF0A807B0591}.Release|Any CPU.ActiveCfg = Release|Any CPU
		{2383ECEF-9A87-4BB5-97A6-FF0A807B0591}.Release|Any CPU.Build.0 = Release|Any CPU
		{2383ECEF-9A87-4BB5-97A6-FF0A807B0591}.Release|x64.ActiveCfg = Release|Any CPU
		{2383ECEF-9A87-4BB5-97A6-FF0A807B0591}.Release|x64.Build.0 = Release|Any CPU
		{2383ECEF-9A87-4BB5-97A6-FF0A807B0591}.Release|x86.ActiveCfg = Release|Any CPU
		{2383ECEF-9A87-4BB5-97A6-FF0A807B0591}.Release|x86.Build.0 = Release|Any CPU
		{B64AD7FE-9F9D-4C1F-8FA7-EE534728173C}.Debug|Any CPU.ActiveCfg = Debug|Any CPU
		{B64AD7FE-9F9D-4C1F-8FA7-EE534728173C}.Debug|Any CPU.Build.0 = Debug|Any CPU
		{B64AD7FE-9F9D-4C1F-8FA7-EE534728173C}.Debug|x64.ActiveCfg = Debug|Any CPU
		{B64AD7FE-9F9D-4C1F-8FA7-EE534728173C}.Debug|x64.Build.0 = Debug|Any CPU
		{B64AD7FE-9F9D-4C1F-8FA7-EE534728173C}.Debug|x86.ActiveCfg = Debug|Any CPU
		{B64AD7FE-9F9D-4C1F-8FA7-EE534728173C}.Debug|x86.Build.0 = Debug|Any CPU
		{B64AD7FE-9F9D-4C1F-8FA7-EE534728173C}.Release|Any CPU.ActiveCfg = Release|Any CPU
		{B64AD7FE-9F9D-4C1F-8FA7-EE534728173C}.Release|Any CPU.Build.0 = Release|Any CPU
		{B64AD7FE-9F9D-4C1F-8FA7-EE534728173C}.Release|x64.ActiveCfg = Release|Any CPU
		{B64AD7FE-9F9D-4C1F-8FA7-EE534728173C}.Release|x64.Build.0 = Release|Any CPU
		{B64AD7FE-9F9D-4C1F-8FA7-EE534728173C}.Release|x86.ActiveCfg = Release|Any CPU
		{B64AD7FE-9F9D-4C1F-8FA7-EE534728173C}.Release|x86.Build.0 = Release|Any CPU
		{9045608A-015A-4C21-B10D-E6F94FABA090}.Debug|Any CPU.ActiveCfg = Debug|Any CPU
		{9045608A-015A-4C21-B10D-E6F94FABA090}.Debug|Any CPU.Build.0 = Debug|Any CPU
		{9045608A-015A-4C21-B10D-E6F94FABA090}.Debug|x64.ActiveCfg = Debug|Any CPU
		{9045608A-015A-4C21-B10D-E6F94FABA090}.Debug|x64.Build.0 = Debug|Any CPU
		{9045608A-015A-4C21-B10D-E6F94FABA090}.Debug|x86.ActiveCfg = Debug|Any CPU
		{9045608A-015A-4C21-B10D-E6F94FABA090}.Debug|x86.Build.0 = Debug|Any CPU
		{9045608A-015A-4C21-B10D-E6F94FABA090}.Release|Any CPU.ActiveCfg = Release|Any CPU
		{9045608A-015A-4C21-B10D-E6F94FABA090}.Release|Any CPU.Build.0 = Release|Any CPU
		{9045608A-015A-4C21-B10D-E6F94FABA090}.Release|x64.ActiveCfg = Release|Any CPU
		{9045608A-015A-4C21-B10D-E6F94FABA090}.Release|x64.Build.0 = Release|Any CPU
		{9045608A-015A-4C21-B10D-E6F94FABA090}.Release|x86.ActiveCfg = Release|Any CPU
		{9045608A-015A-4C21-B10D-E6F94FABA090}.Release|x86.Build.0 = Release|Any CPU
		{9F6C340D-A977-42B6-8A94-52E3D8E37A8D}.Debug|Any CPU.ActiveCfg = Debug|Any CPU
		{9F6C340D-A977-42B6-8A94-52E3D8E37A8D}.Debug|Any CPU.Build.0 = Debug|Any CPU
		{9F6C340D-A977-42B6-8A94-52E3D8E37A8D}.Debug|x64.ActiveCfg = Debug|Any CPU
		{9F6C340D-A977-42B6-8A94-52E3D8E37A8D}.Debug|x64.Build.0 = Debug|Any CPU
		{9F6C340D-A977-42B6-8A94-52E3D8E37A8D}.Debug|x86.ActiveCfg = Debug|Any CPU
		{9F6C340D-A977-42B6-8A94-52E3D8E37A8D}.Debug|x86.Build.0 = Debug|Any CPU
		{9F6C340D-A977-42B6-8A94-52E3D8E37A8D}.Release|Any CPU.ActiveCfg = Release|Any CPU
		{9F6C340D-A977-42B6-8A94-52E3D8E37A8D}.Release|Any CPU.Build.0 = Release|Any CPU
		{9F6C340D-A977-42B6-8A94-52E3D8E37A8D}.Release|x64.ActiveCfg = Release|Any CPU
		{9F6C340D-A977-42B6-8A94-52E3D8E37A8D}.Release|x64.Build.0 = Release|Any CPU
		{9F6C340D-A977-42B6-8A94-52E3D8E37A8D}.Release|x86.ActiveCfg = Release|Any CPU
		{9F6C340D-A977-42B6-8A94-52E3D8E37A8D}.Release|x86.Build.0 = Release|Any CPU
		{819F87AC-3370-4B64-8D5E-14ECF18D13ED}.Debug|Any CPU.ActiveCfg = Debug|Any CPU
		{819F87AC-3370-4B64-8D5E-14ECF18D13ED}.Debug|Any CPU.Build.0 = Debug|Any CPU
		{819F87AC-3370-4B64-8D5E-14ECF18D13ED}.Debug|x64.ActiveCfg = Debug|Any CPU
		{819F87AC-3370-4B64-8D5E-14ECF18D13ED}.Debug|x64.Build.0 = Debug|Any CPU
		{819F87AC-3370-4B64-8D5E-14ECF18D13ED}.Debug|x86.ActiveCfg = Debug|Any CPU
		{819F87AC-3370-4B64-8D5E-14ECF18D13ED}.Debug|x86.Build.0 = Debug|Any CPU
		{819F87AC-3370-4B64-8D5E-14ECF18D13ED}.Release|Any CPU.ActiveCfg = Release|Any CPU
		{819F87AC-3370-4B64-8D5E-14ECF18D13ED}.Release|Any CPU.Build.0 = Release|Any CPU
		{819F87AC-3370-4B64-8D5E-14ECF18D13ED}.Release|x64.ActiveCfg = Release|Any CPU
		{819F87AC-3370-4B64-8D5E-14ECF18D13ED}.Release|x64.Build.0 = Release|Any CPU
		{819F87AC-3370-4B64-8D5E-14ECF18D13ED}.Release|x86.ActiveCfg = Release|Any CPU
		{819F87AC-3370-4B64-8D5E-14ECF18D13ED}.Release|x86.Build.0 = Release|Any CPU
	EndGlobalSection
	GlobalSection(SolutionProperties) = preSolution
		HideSolutionNode = FALSE
	EndGlobalSection
	GlobalSection(NestedProjects) = preSolution
		{A6F2001A-2F84-43E0-AC73-9A92293FC8D9} = {0AB3BF05-4346-4AA6-1389-037BE0695223}
		{2383ECEF-9A87-4BB5-97A6-FF0A807B0591} = {07C2787E-EAC7-C090-1BA3-A61EC2A24D84}
		{B64AD7FE-9F9D-4C1F-8FA7-EE534728173C} = {827E0CD3-B72D-47B6-A68D-7590B98EB39B}
		{9045608A-015A-4C21-B10D-E6F94FABA090} = {827E0CD3-B72D-47B6-A68D-7590B98EB39B}
		{9F6C340D-A977-42B6-8A94-52E3D8E37A8D} = {827E0CD3-B72D-47B6-A68D-7590B98EB39B}
		{819F87AC-3370-4B64-8D5E-14ECF18D13ED} = {07C2787E-EAC7-C090-1BA3-A61EC2A24D84}
	EndGlobalSection
EndGlobal
