
Microsoft Visual Studio Solution File, Format Version 12.00
Project("{FAE04EC0-301F-11D3-BF4B-00C04F79EFBC}") = "Data1c.Core", "src\Data1c.Core\Data1c.Core.csproj", "{E7BF2AC7-CE9A-43BD-926F-14DBBF6FE6B4}"
EndProject
Project("{2150E333-8FDC-42A3-9474-1A3956D46DE8}") = "src", "src", "{827E0CD3-B72D-47B6-A68D-7590B98EB39B}"
EndProject
Project("{FAE04EC0-301F-11D3-BF4B-00C04F79EFBC}") = "Data1c.Cli", "src\Data1c.Cli\Data1c.Cli.csproj", "{C0E99C42-AC1D-4993-B7B3-B027F628F8DD}"
EndProject
Project("{2150E333-8FDC-42A3-9474-1A3956D46DE8}") = "tests", "tests", "{0AB3BF05-4346-4AA6-1389-037BE0695223}"
EndProject
Project("{FAE04EC0-301F-11D3-BF4B-00C04F79EFBC}") = "Data1c.Tests", "tests\Data1c.Tests\Data1c.Tests.csproj", "{A6F2001A-2F84-43E0-AC73-9A92293FC8D9}"
EndProject
Project("{2150E333-8FDC-42A3-9474-1A3956D46DE8}") = "tools", "tools", "{07C2787E-EAC7-C090-1BA3-A61EC2A24D84}"
EndProject
Project("{FAE04EC0-301F-11D3-BF4B-00C04F79EFBC}") = "Data1c.TestRunner", "tools\Data1c.TestRunner\Data1c.TestRunner.csproj", "{2383ECEF-9A87-4BB5-97A6-FF0A807B0591}"
EndProject
Global
	GlobalSection(SolutionConfigurationPlatforms) = preSolution
		Debug|Any CPU = Debug|Any CPU
		Debug|x64 = Debug|x64
		Debug|x86 = Debug|x86
		Release|Any CPU = Release|Any CPU
		Release|x64 = Release|x64
		Release|x86 = Release|x86
	EndGlobalSection
	GlobalSection(ProjectConfigurationPlatforms) = postSolution
		{E7BF2AC7-CE9A-43BD-926F-14DBBF6FE6B4}.Debug|Any CPU.ActiveCfg = Debug|Any CPU
		{E7BF2AC7-CE9A-43BD-926F-14DBBF6FE6B4}.Debug|Any CPU.Build.0 = Debug|Any CPU
		{E7BF2AC7-CE9A-43BD-926F-14DBBF6FE6B4}.Debug|x64.ActiveCfg = Debug|Any CPU
		{E7BF2AC7-CE9A-43BD-926F-14DBBF6FE6B4}.Debug|x64.Build.0 = Debug|Any CPU
		{E7BF2AC7-CE9A-43BD-926F-14DBBF6FE6B4}.Debug|x86.ActiveCfg = Debug|Any CPU
		{E7BF2AC7-CE9A-43BD-926F-14DBBF6FE6B4}.Debug|x86.Build.0 = Debug|Any CPU
		{E7BF2AC7-CE9A-43BD-926F-14DBBF6FE6B4}.Release|Any CPU.ActiveCfg = Release|Any CPU
		{E7BF2AC7-CE9A-43BD-926F-14DBBF6FE6B4}.Release|Any CPU.Build.0 = Release|Any CPU
		{E7BF2AC7-CE9A-43BD-926F-14DBBF6FE6B4}.Release|x64.ActiveCfg = Release|Any CPU
		{E7BF2AC7-CE9A-43BD-926F-14DBBF6FE6B4}.Release|x64.Build.0 = Release|Any CPU
		{E7BF2AC7-CE9A-43BD-926F-14DBBF6FE6B4}.Release|x86.ActiveCfg = Release|Any CPU
		{E7BF2AC7-CE9A-43BD-926F-14DBBF6FE6B4}.Release|x86.Build.0 = Release|Any CPU
		{C0E99C42-AC1D-4993-B7B3-B027F628F8DD}.Debug|Any CPU.ActiveCfg = Debug|Any CPU
		{C0E99C42-AC1D-4993-B7B3-B027F628F8DD}.Debug|Any CPU.Build.0 = Debug|Any CPU
		{C0E99C42-AC1D-4993-B7B3-B027F628F8DD}.Debug|x64.ActiveCfg = Debug|Any CPU
		{C0E99C42-AC1D-4993-B7B3-B027F628F8DD}.Debug|x64.Build.0 = Debug|Any CPU
		{C0E99C42-AC1D-4993-B7B3-B027F628F8DD}.Debug|x86.ActiveCfg = Debug|Any CPU
		{C0E99C42-AC1D-4993-B7B3-B027F628F8DD}.Debug|x86.Build.0 = Debug|Any CPU
		{C0E99C42-AC1D-4993-B7B3-B027F628F8DD}.Release|Any CPU.ActiveCfg = Release|Any CPU
		{C0E99C42-AC1D-4993-B7B3-B027F628F8DD}.Release|Any CPU.Build.0 = Release|Any CPU
		{C0E99C42-AC1D-4993-B7B3-B027F628F8DD}.Release|x64.ActiveCfg = Release|Any CPU
		{C0E99C42-AC1D-4993-B7B3-B027F628F8DD}.Release|x64.Build.0 = Release|Any CPU
		{C0E99C42-AC1D-4993-B7B3-B027F628F8DD}.Release|x86.ActiveCfg = Release|Any CPU
		{C0E99C42-AC1D-4993-B7B3-B027F628F8DD}.Release|x86.Build.0 = Release|Any CPU
		{A6F2001A-2F84-43E0-AC73-9A92293FC8D9}.Debug|Any CPU.ActiveCfg = Debug|Any CPU
		{A6F2001A-2F84-43E0-AC73-9A92293FC8D9}.Debug|Any CPU.Build.0 = Debug|Any CPU
		{A6F2001A-2F84-43E0-AC73-9A92293FC8D9}.Debug|x64.ActiveCfg = Debug|Any CPU
		{A6F2001A-2F84-43E0-AC73-9A92293FC8D9}.Debug|x64.Build.0 = Debug|Any CPU
		{A6F2001A-2F84-43E0-AC73-9A92293FC8D9}.Debug|x86.ActiveCfg = Debug|Any CPU
		{A6F2001A-2F84-43E0-AC73-9A92293FC8D9}.Debug|x86.Build.0 = Debug|Any CPU
		{A6F2001A-2F84-43E0-AC73-9A92293FC8D9}.Release|Any CPU.ActiveCfg = Release|Any CPU
		{A6F2001A-2F84-43E0-AC73-9A92293FC8D9}.Release|Any CPU.Build.0 = Release|Any CPU
		{A6F2001A-2F84-43E0-AC73-9A92293FC8D9}.Release|x64.ActiveCfg = Release|Any CPU
		{A6F2001A-2F84-43E0-AC73-9A92293FC8D9}.Release|x64.Build.0 = Release|Any CPU
		{A6F2001A-2F84-43E0-AC73-9A92293FC8D9}.Release|x86.ActiveCfg = Release|Any CPU
		{A6F2001A-2F84-43E0-AC73-9A92293FC8D9}.Release|x86.Build.0 = Release|Any CPU
		{2383ECEF-9A87-4BB5-97A6-FF0A807B0591}.Debug|Any CPU.ActiveCfg = Debug|Any CPU
		{2383ECEF-9A87-4BB5-97A6-FF0A807B0591}.Debug|Any CPU.Build.0 = Debug|Any CPU
		{2383ECEF-9A87-4BB5-97A6-FF0A807B0591}.Debug|x64.ActiveCfg = Debug|Any CPU
		{2383ECEF-9A87-4BB5-97A6-FF0A807B0591}.Debug|x64.Build.0 = Debug|Any CPU
		{2383ECEF-9A87-4BB5-97A6-FF0A807B0591}.Debug|x86.ActiveCfg = Debug|Any CPU
		{2383ECEF-9A87-4BB5-97A6-FF0A807B0591}.Debug|x86.Build.0 = Debug|Any CPU
		{2383ECEF-9A87-4BB5-97A6-FF0A807B0591}.Release|Any CPU.ActiveCfg = Release|Any CPU
		{2383ECEF-9A87-4BB5-97A6-FF0A807B0591}.Release|Any CPU.Build.0 = Release|Any CPU
		{2383ECEF-9A87-4BB5-97A6-FF0A807B0591}.Release|x64.ActiveCfg = Release|Any CPU
		{2383ECEF-9A87-4BB5-97A6-FF0A807B0591}.Release|x64.Build.0 = Release|Any CPU
		{2383ECEF-9A87-4BB5-97A6-FF0A807B0591}.Release|x86.ActiveCfg = Release|Any CPU
		{2383ECEF-9A87-4BB5-97A6-FF0A807B0591}.Release|x86.Build.0 = Release|Any CPU
	EndGlobalSection
	GlobalSection(SolutionProperties) = preSolution
		HideSolutionNode = FALSE
	EndGlobalSection
	GlobalSection(NestedProjects) = preSolution
		{C0E99C42-AC1D-4993-B7B3-B027F628F8DD} = {827E0CD3-B72D-47B6-A68D-7590B98EB39B}
		{A6F2001A-2F84-43E0-AC73-9A92293FC8D9} = {0AB3BF05-4346-4AA6-1389-037BE0695223}
		{2383ECEF-9A87-4BB5-97A6-FF0A807B0591} = {07C2787E-EAC7-C090-1BA3-A61EC2A24D84}
	EndGlobalSection
EndGlobal
